
Microsoft Visual Studio Solution File, Format Version 12.00
# Visual Studio Version 17
VisualStudioVersion = 17.8.34525.116
MinimumVisualStudioVersion = 10.0.40219.1
Project("{9A19103F-16F7-4668-BE54-9A1E7A4F7556}") = "MaskTracking", "MaskTracking\MaskTracking.csproj", "{46EC833A-C79B-496D-B630-475254D20138}"
EndProject
Project("{FAE04EC0-301F-11D3-BF4B-00C04F79EFBC}") = "Entities", "Entities\Entities.csproj", "{4150A46A-7D33-47A1-929A-7C020EAF203C}"
EndProject
Project("{FAE04EC0-301F-11D3-BF4B-00C04F79EFBC}") = "Business", "Business\Business.csproj", "{16D693D9-2AC7-4224-932B-AC27359ECABC}"
EndProject
Global
	GlobalSection(SolutionConfigurationPlatforms) = preSolution
		Debug|Any CPU = Debug|Any CPU
		Release|Any CPU = Release|Any CPU
	EndGlobalSection
	GlobalSection(ProjectConfigurationPlatforms) = postSolution
		{46EC833A-C79B-496D-B630-475254D20138}.Debug|Any CPU.ActiveCfg = Debug|Any CPU
		{46EC833A-C79B-496D-B630-475254D20138}.Debug|Any CPU.Build.0 = Debug|Any CPU
		{46EC833A-C79B-496D-B630-475254D20138}.Release|Any CPU.ActiveCfg = Release|Any CPU
		{46EC833A-C79B-496D-B630-475254D20138}.Release|Any CPU.Build.0 = Release|Any CPU
		{4150A46A-7D33-47A1-929A-7C020EAF203C}.Debug|Any CPU.ActiveCfg = Debug|Any CPU
		{4150A46A-7D33-47A1-929A-7C020EAF203C}.Debug|Any CPU.Build.0 = Debug|Any CPU
		{4150A46A-7D33-47A1-929A-7C020EAF203C}.Release|Any CPU.ActiveCfg = Release|Any CPU
		{4150A46A-7D33-47A1-929A-7C020EAF203C}.Release|Any CPU.Build.0 = Release|Any CPU
		{16D693D9-2AC7-4224-932B-AC27359ECABC}.Debug|Any CPU.ActiveCfg = Debug|Any CPU
		{16D693D9-2AC7-4224-932B-AC27359ECABC}.Debug|Any CPU.Build.0 = Debug|Any CPU
		{16D693D9-2AC7-4224-932B-AC27359ECABC}.Release|Any CPU.ActiveCfg = Release|Any CPU
		{16D693D9-2AC7-4224-932B-AC27359ECABC}.Release|Any CPU.Build.0 = Release|Any CPU
	EndGlobalSection
	GlobalSection(SolutionProperties) = preSolution
		HideSolutionNode = FALSE
	EndGlobalSection
	GlobalSection(ExtensibilityGlobals) = postSolution
		SolutionGuid = {44E323EE-32AD-47B5-904F-147D01B417BC}
	EndGlobalSection
EndGlobal
