
Microsoft Visual Studio Solution File, Format Version 12.00
# Visual Studio Version 17
VisualStudioVersion = 17.8.34525.116
MinimumVisualStudioVersion = 10.0.40219.1
Project("{FAE04EC0-301F-11D3-BF4B-00C04F79EFBC}") = "InterfaceAbstractDemo", "InterfaceAbstractDemo\InterfaceAbstractDemo.csproj", "{D9804149-3B27-47C9-B624-BD24D7688634}"
EndProject
Global
	GlobalSection(SolutionConfigurationPlatforms) = preSolution
		Debug|Any CPU = Debug|Any CPU
		Release|Any CPU = Release|Any CPU
	EndGlobalSection
	GlobalSection(ProjectConfigurationPlatforms) = postSolution
		{D9804149-3B27-47C9-B624-BD24D7688634}.Debug|Any CPU.ActiveCfg = Debug|Any CPU
		{D9804149-3B27-47C9-B624-BD24D7688634}.Debug|Any CPU.Build.0 = Debug|Any CPU
		{D9804149-3B27-47C9-B624-BD24D7688634}.Release|Any CPU.ActiveCfg = Release|Any CPU
		{D9804149-3B27-47C9-B624-BD24D7688634}.Release|Any CPU.Build.0 = Release|Any CPU
	EndGlobalSection
	GlobalSection(SolutionProperties) = preSolution
		HideSolutionNode = FALSE
	EndGlobalSection
	GlobalSection(ExtensibilityGlobals) = postSolution
		SolutionGuid = {E90DE414-21EE-4C5F-9940-12CAF88119E2}
	EndGlobalSection
EndGlobal
